
Microsoft Visual Studio Solution File, Format Version 12.00
# Visual Studio Version 17
VisualStudioVersion = 17.1.32421.90
MinimumVisualStudioVersion = 10.0.40219.1
Project("{FAE04EC0-301F-11D3-BF4B-00C04F79EFBC}") = "FoodFinderWebApp", "FoodFinderWebApp.csproj", "{75196CDE-3A16-4CB8-A2EF-4711930781FC}"
EndProject
Global
	GlobalSection(SolutionConfigurationPlatforms) = preSolution
		Debug|Any CPU = Debug|Any CPU
		Release|Any CPU = Release|Any CPU
	EndGlobalSection
	GlobalSection(ProjectConfigurationPlatforms) = postSolution
		{75196CDE-3A16-4CB8-A2EF-4711930781FC}.Debug|Any CPU.ActiveCfg = Debug|Any CPU
		{75196CDE-3A16-4CB8-A2EF-4711930781FC}.Debug|Any CPU.Build.0 = Debug|Any CPU
		{75196CDE-3A16-4CB8-A2EF-4711930781FC}.Release|Any CPU.ActiveCfg = Release|Any CPU
		{75196CDE-3A16-4CB8-A2EF-4711930781FC}.Release|Any CPU.Build.0 = Release|Any CPU
	EndGlobalSection
	GlobalSection(SolutionProperties) = preSolution
		HideSolutionNode = FALSE
	EndGlobalSection
	GlobalSection(ExtensibilityGlobals) = postSolution
		SolutionGuid = {543FA316-3C21-43C8-8D60-D130C9DE4A7E}
	EndGlobalSection
EndGlobal
